
Microsoft Visual Studio Solution File, Format Version 12.00
# Visual Studio Version 17
VisualStudioVersion = 17.14.36623.8 d17.14
MinimumVisualStudioVersion = 10.0.40219.1
Project("{FAE04EC0-301F-11D3-BF4B-00C04F79EFBC}") = "StudentAndFA", "StudentAndFA\StudentAndFA.csproj", "{13A9070E-04F0-45DE-AE1F-33578768DD55}"
EndProject
Global
	GlobalSection(SolutionConfigurationPlatforms) = preSolution
		Debug|Any CPU = Debug|Any CPU
		Release|Any CPU = Release|Any CPU
	EndGlobalSection
	GlobalSection(ProjectConfigurationPlatforms) = postSolution
		{13A9070E-04F0-45DE-AE1F-33578768DD55}.Debug|Any CPU.ActiveCfg = Debug|Any CPU
		{13A9070E-04F0-45DE-AE1F-33578768DD55}.Debug|Any CPU.Build.0 = Debug|Any CPU
		{13A9070E-04F0-45DE-AE1F-33578768DD55}.Release|Any CPU.ActiveCfg = Release|Any CPU
		{13A9070E-04F0-45DE-AE1F-33578768DD55}.Release|Any CPU.Build.0 = Release|Any CPU
	EndGlobalSection
	GlobalSection(SolutionProperties) = preSolution
		HideSolutionNode = FALSE
	EndGlobalSection
	GlobalSection(ExtensibilityGlobals) = postSolution
		SolutionGuid = {4375573B-A67C-4551-8E27-62590EE71E62}
	EndGlobalSection
EndGlobal
